
Microsoft Visual Studio Solution File, Format Version 12.00
# Visual Studio 15
VisualStudioVersion = 15.0.28307.329
MinimumVisualStudioVersion = 10.0.40219.1
Project("{FAE04EC0-301F-11D3-BF4B-00C04F79EFBC}") = "Quiz", "Quiz\Quiz.csproj", "{69C412B0-A762-4055-AB22-595C98DBD48D}"
EndProject
Global
	GlobalSection(SolutionConfigurationPlatforms) = preSolution
		Debug|Any CPU = Debug|Any CPU
		Release|Any CPU = Release|Any CPU
	EndGlobalSection
	GlobalSection(ProjectConfigurationPlatforms) = postSolution
		{69C412B0-A762-4055-AB22-595C98DBD48D}.Debug|Any CPU.ActiveCfg = Debug|Any CPU
		{69C412B0-A762-4055-AB22-595C98DBD48D}.Debug|Any CPU.Build.0 = Debug|Any CPU
		{69C412B0-A762-4055-AB22-595C98DBD48D}.Release|Any CPU.ActiveCfg = Release|Any CPU
		{69C412B0-A762-4055-AB22-595C98DBD48D}.Release|Any CPU.Build.0 = Release|Any CPU
	EndGlobalSection
	GlobalSection(SolutionProperties) = preSolution
		HideSolutionNode = FALSE
	EndGlobalSection
	GlobalSection(ExtensibilityGlobals) = postSolution
		SolutionGuid = {29953F24-E295-4435-9F4C-D0DB47D46C9A}
	EndGlobalSection
EndGlobal
